# sphinx-doc__sphinx-7.2: python 3.9 (upstream 3.9), swebench==4.0.5
# dependencies resolved as of 2023-08-11, the date of environment setup commit 7758e016231c
alabaster==0.7.13
babel==2.12.1
cachetools==6.2.6
certifi==2023.7.22
chardet==5.2.0
charset-normalizer==3.2.0
colorama==0.4.6
cython==3.0.0
distlib==0.4.3
docutils==0.20.1
exceptiongroup==1.1.2
filelock==3.19.1
flit-core==4.1.0
html5lib==1.1
idna==3.4
imagesize==1.4.1
importlib-metadata==6.8.0
iniconfig==2.0.0
jinja2==3.0.3
markupsafe==3.0.3
packaging==26.3
platformdirs==4.4.0
pluggy==1.6.0
pygments==2.16.1
pyproject-api==1.9.1
pytest==7.4.0
python-discovery==1.6.1
requests==2.31.0
setuptools==80.10.2
six==1.16.0
snowballstemmer==2.2.0
sphinxcontrib-applehelp==1.0.6
sphinxcontrib-devhelp==1.0.4
sphinxcontrib-htmlhelp==2.0.3
sphinxcontrib-jsmath==1.0.1
sphinxcontrib-qthelp==1.0.5
sphinxcontrib-serializinghtml==1.1.7
tomli==2.4.1
tox==4.16.0
tox-current-env==0.0.11
typing-extensions==4.16.0
urllib3==2.0.4
virtualenv==21.8.1
webencodings==0.5.1
wheel==0.48.0
zipp==3.16.2
