# sphinx-doc__sphinx-3.1: python 3.9 (upstream 3.9), swebench==4.0.5
# dependencies resolved as of 2020-07-04, the date of environment setup commit 5afc77ee27fc
alabaster==0.7.11
attrs==19.3.0
babel==2.8.0
cachetools==6.2.6
certifi==2020.6.20
chardet==3.0.4
colorama==0.4.6
coverage==5.1
cython==0.29.20
distlib==0.4.3
docutils==0.16
filelock==3.19.1
html5lib==1.1
idna==2.10
imagesize==1.2.0
jinja2==2.11.2
markupsafe==1.1.1
more-itertools==8.4.0
packaging==26.3
platformdirs==4.4.0
pluggy==0.13.1
py==1.9.0
pygments==2.6.1
pyproject-api==1.9.1
pytest==5.4.3
pytest-cov==2.10.0
python-discovery==1.6.1
pytz==2020.1
requests==2.24.0
setuptools==80.10.2
six==1.15.0
snowballstemmer==2.0.0
sphinxcontrib-applehelp==1.0.2
sphinxcontrib-devhelp==1.0.2
sphinxcontrib-htmlhelp==1.0.3
sphinxcontrib-jsmath==1.0.1
sphinxcontrib-qthelp==1.0.3
sphinxcontrib-serializinghtml==1.1.4
tomli==2.4.1
tox==4.16.0
tox-current-env==0.0.11
typing-extensions==4.16.0
urllib3==1.25.9
virtualenv==21.8.1
wcwidth==0.2.5
webencodings==0.5.1
wheel==0.48.0
