# sphinx-doc__sphinx-5.0: python 3.9 (upstream 3.9), swebench==4.0.5
# dependencies resolved as of 2022-06-07, the date of environment setup commit 60775ec4c4ea
alabaster==0.7.12
attrs==21.4.0
babel==2.10.1
cachetools==6.2.6
certifi==2022.5.18.1
chardet==5.2.0
charset-normalizer==2.0.12
colorama==0.4.6
cython==0.29.30
distlib==0.4.3
docutils==0.18.1
filelock==3.19.1
html5lib==1.1
idna==3.3
imagesize==1.3.0
importlib-metadata==4.11.4
iniconfig==1.1.1
jinja2==3.0.3
markupsafe==3.0.3
packaging==26.3
platformdirs==4.4.0
pluggy==1.6.0
py==1.11.0
pygments==2.12.0
pyproject-api==1.9.1
pytest==7.1.2
python-discovery==1.6.1
pytz==2022.1
requests==2.27.1
setuptools==80.10.2
six==1.16.0
snowballstemmer==2.2.0
sphinxcontrib-applehelp==1.0.2
sphinxcontrib-devhelp==1.0.2
sphinxcontrib-htmlhelp==2.0.0
sphinxcontrib-jsmath==1.0.1
sphinxcontrib-qthelp==1.0.3
sphinxcontrib-serializinghtml==1.1.5
tomli==2.4.1
tox==4.16.0
tox-current-env==0.0.11
typing-extensions==4.16.0
urllib3==1.26.9
virtualenv==21.8.1
webencodings==0.5.1
wheel==0.48.0
zipp==3.8.0
