# sphinx-doc__sphinx-4.0: python 3.9 (upstream 3.9), swebench==4.0.5
# dependencies resolved as of 2021-06-13, the date of environment setup commit 8939a75efaa9
alabaster==0.7.11
attrs==21.2.0
babel==2.9.1
cachetools==6.2.6
certifi==2021.5.30
chardet==4.0.0
colorama==0.4.6
coverage==5.5
cython==0.29.23
distlib==0.4.3
docutils==0.17.1
filelock==3.19.1
html5lib==1.1
idna==2.10
imagesize==1.2.0
iniconfig==1.1.1
jinja2==2.11.3
markupsafe==2.0.1
packaging==26.3
platformdirs==4.4.0
pluggy==0.13.1
py==1.10.0
pygments==2.9.0
pyproject-api==1.9.1
pytest==6.2.4
pytest-cov==2.12.1
python-discovery==1.6.1
pytz==2021.1
requests==2.25.1
setuptools==80.10.2
six==1.16.0
snowballstemmer==2.1.0
sphinxcontrib-applehelp==1.0.2
sphinxcontrib-devhelp==1.0.2
sphinxcontrib-htmlhelp==2.0.0
sphinxcontrib-jsmath==1.0.1
sphinxcontrib-qthelp==1.0.3
sphinxcontrib-serializinghtml==1.1.5
toml==0.10.2
tomli==2.4.1
tox==4.16.0
tox-current-env==0.0.11
typing-extensions==4.16.0
urllib3==1.26.5
virtualenv==21.8.1
webencodings==0.5.1
wheel==0.48.0
